
Microsoft Visual Studio Solution File, Format Version 12.00
# Visual Studio Version 17
VisualStudioVersion = 17.0.31903.59
MinimumVisualStudioVersion = 10.0.40219.1
Project("{FAE04EC0-301F-11D3-BF4B-00C04F79EFBC}") = "C#Loops_and_Arrays_Assignments", "C#Loops_and_Arrays_Assignments\C#Loops_and_Arrays_Assignments.csproj", "{2FFC9E1B-1479-41FF-A6C3-0F32682B3E30}"
EndProject
Project("{FAE04EC0-301F-11D3-BF4B-00C04F79EFBC}") = "1)", "1)\1).csproj", "{EDD50A5A-4880-4367-98DC-466BD33F71AB}"
EndProject
Project("{FAE04EC0-301F-11D3-BF4B-00C04F79EFBC}") = "2)", "2)\2).csproj", "{B5DE8D24-1EBD-4B98-9B3A-CE62B8E6D000}"
EndProject
Project("{FAE04EC0-301F-11D3-BF4B-00C04F79EFBC}") = "3)", "3)\3).csproj", "{36ABCCAC-8555-4F0E-8356-B7695F07093E}"
EndProject
Project("{FAE04EC0-301F-11D3-BF4B-00C04F79EFBC}") = "4)", "4)\4).csproj", "{F24635B5-59B0-4C1E-A731-7BFF0ACCED9C}"
EndProject
Project("{FAE04EC0-301F-11D3-BF4B-00C04F79EFBC}") = "5)", "5)\5).csproj", "{48CD61EF-A893-4507-9D25-865705BC6F49}"
EndProject
Project("{FAE04EC0-301F-11D3-BF4B-00C04F79EFBC}") = "6)", "6)\6).csproj", "{5361D7C0-DA90-4351-B0E4-D0395447B4CB}"
EndProject
Project("{FAE04EC0-301F-11D3-BF4B-00C04F79EFBC}") = "7)", "7)\7).csproj", "{06A32D3C-CD14-484B-99E9-DDA8AB6A8B3A}"
EndProject
Project("{FAE04EC0-301F-11D3-BF4B-00C04F79EFBC}") = "8)", "8)\8).csproj", "{2E09DBB3-5E60-43B8-A0A1-6FEB996C86DE}"
EndProject
Project("{FAE04EC0-301F-11D3-BF4B-00C04F79EFBC}") = "9)", "9)\9).csproj", "{0C1B106C-6B73-49C7-9FB9-44AC2238B00B}"
EndProject
Project("{FAE04EC0-301F-11D3-BF4B-00C04F79EFBC}") = "10)", "10)\10).csproj", "{8BF8B8CB-D116-4375-9EEC-E3A8D9F0F228}"
EndProject
Project("{FAE04EC0-301F-11D3-BF4B-00C04F79EFBC}") = "11)", "11)\11).csproj", "{44B4F06C-1F36-41DA-9951-B34D93EEE6CE}"
EndProject
Project("{FAE04EC0-301F-11D3-BF4B-00C04F79EFBC}") = "12)", "12)\12).csproj", "{219F4699-E60F-47C0-89AD-0DAFBB03DF3C}"
EndProject
Project("{FAE04EC0-301F-11D3-BF4B-00C04F79EFBC}") = "13)", "13)\13).csproj", "{C042DB56-6B8A-4A2E-A266-C64DC18249E1}"
EndProject
Project("{FAE04EC0-301F-11D3-BF4B-00C04F79EFBC}") = "14)", "14)\14).csproj", "{D2BB70E6-BBB4-45E5-8498-CD3E6A070D44}"
EndProject
Project("{FAE04EC0-301F-11D3-BF4B-00C04F79EFBC}") = "15)", "15)\15).csproj", "{4BCE3589-C77E-4F48-8C3E-3CB8CE874497}"
EndProject
Project("{FAE04EC0-301F-11D3-BF4B-00C04F79EFBC}") = "16)", "16)\16).csproj", "{16CB7EEA-9812-4048-B706-BC3AA0AA44A5}"
EndProject
Project("{FAE04EC0-301F-11D3-BF4B-00C04F79EFBC}") = "17)", "17)\17).csproj", "{6217BE5D-212B-4BE3-A8E8-6F1AA7D41D30}"
EndProject
Global
	GlobalSection(SolutionConfigurationPlatforms) = preSolution
		Debug|Any CPU = Debug|Any CPU
		Release|Any CPU = Release|Any CPU
	EndGlobalSection
	GlobalSection(SolutionProperties) = preSolution
		HideSolutionNode = FALSE
	EndGlobalSection
	GlobalSection(ProjectConfigurationPlatforms) = postSolution
		{2FFC9E1B-1479-41FF-A6C3-0F32682B3E30}.Debug|Any CPU.ActiveCfg = Debug|Any CPU
		{2FFC9E1B-1479-41FF-A6C3-0F32682B3E30}.Debug|Any CPU.Build.0 = Debug|Any CPU
		{2FFC9E1B-1479-41FF-A6C3-0F32682B3E30}.Release|Any CPU.ActiveCfg = Release|Any CPU
		{2FFC9E1B-1479-41FF-A6C3-0F32682B3E30}.Release|Any CPU.Build.0 = Release|Any CPU
		{EDD50A5A-4880-4367-98DC-466BD33F71AB}.Debug|Any CPU.ActiveCfg = Debug|Any CPU
		{EDD50A5A-4880-4367-98DC-466BD33F71AB}.Debug|Any CPU.Build.0 = Debug|Any CPU
		{EDD50A5A-4880-4367-98DC-466BD33F71AB}.Release|Any CPU.ActiveCfg = Release|Any CPU
		{EDD50A5A-4880-4367-98DC-466BD33F71AB}.Release|Any CPU.Build.0 = Release|Any CPU
		{B5DE8D24-1EBD-4B98-9B3A-CE62B8E6D000}.Debug|Any CPU.ActiveCfg = Debug|Any CPU
		{B5DE8D24-1EBD-4B98-9B3A-CE62B8E6D000}.Debug|Any CPU.Build.0 = Debug|Any CPU
		{B5DE8D24-1EBD-4B98-9B3A-CE62B8E6D000}.Release|Any CPU.ActiveCfg = Release|Any CPU
		{B5DE8D24-1EBD-4B98-9B3A-CE62B8E6D000}.Release|Any CPU.Build.0 = Release|Any CPU
		{36ABCCAC-8555-4F0E-8356-B7695F07093E}.Debug|Any CPU.ActiveCfg = Debug|Any CPU
		{36ABCCAC-8555-4F0E-8356-B7695F07093E}.Debug|Any CPU.Build.0 = Debug|Any CPU
		{36ABCCAC-8555-4F0E-8356-B7695F07093E}.Release|Any CPU.ActiveCfg = Release|Any CPU
		{36ABCCAC-8555-4F0E-8356-B7695F07093E}.Release|Any CPU.Build.0 = Release|Any CPU
		{F24635B5-59B0-4C1E-A731-7BFF0ACCED9C}.Debug|Any CPU.ActiveCfg = Debug|Any CPU
		{F24635B5-59B0-4C1E-A731-7BFF0ACCED9C}.Debug|Any CPU.Build.0 = Debug|Any CPU
		{F24635B5-59B0-4C1E-A731-7BFF0ACCED9C}.Release|Any CPU.ActiveCfg = Release|Any CPU
		{F24635B5-59B0-4C1E-A731-7BFF0ACCED9C}.Release|Any CPU.Build.0 = Release|Any CPU
		{48CD61EF-A893-4507-9D25-865705BC6F49}.Debug|Any CPU.ActiveCfg = Debug|Any CPU
		{48CD61EF-A893-4507-9D25-865705BC6F49}.Debug|Any CPU.Build.0 = Debug|Any CPU
		{48CD61EF-A893-4507-9D25-865705BC6F49}.Release|Any CPU.ActiveCfg = Release|Any CPU
		{48CD61EF-A893-4507-9D25-865705BC6F49}.Release|Any CPU.Build.0 = Release|Any CPU
		{5361D7C0-DA90-4351-B0E4-D0395447B4CB}.Debug|Any CPU.ActiveCfg = Debug|Any CPU
		{5361D7C0-DA90-4351-B0E4-D0395447B4CB}.Debug|Any CPU.Build.0 = Debug|Any CPU
		{5361D7C0-DA90-4351-B0E4-D0395447B4CB}.Release|Any CPU.ActiveCfg = Release|Any CPU
		{5361D7C0-DA90-4351-B0E4-D0395447B4CB}.Release|Any CPU.Build.0 = Release|Any CPU
		{06A32D3C-CD14-484B-99E9-DDA8AB6A8B3A}.Debug|Any CPU.ActiveCfg = Debug|Any CPU
		{06A32D3C-CD14-484B-99E9-DDA8AB6A8B3A}.Debug|Any CPU.Build.0 = Debug|Any CPU
		{06A32D3C-CD14-484B-99E9-DDA8AB6A8B3A}.Release|Any CPU.ActiveCfg = Release|Any CPU
		{06A32D3C-CD14-484B-99E9-DDA8AB6A8B3A}.Release|Any CPU.Build.0 = Release|Any CPU
		{2E09DBB3-5E60-43B8-A0A1-6FEB996C86DE}.Debug|Any CPU.ActiveCfg = Debug|Any CPU
		{2E09DBB3-5E60-43B8-A0A1-6FEB996C86DE}.Debug|Any CPU.Build.0 = Debug|Any CPU
		{2E09DBB3-5E60-43B8-A0A1-6FEB996C86DE}.Release|Any CPU.ActiveCfg = Release|Any CPU
		{2E09DBB3-5E60-43B8-A0A1-6FEB996C86DE}.Release|Any CPU.Build.0 = Release|Any CPU
		{0C1B106C-6B73-49C7-9FB9-44AC2238B00B}.Debug|Any CPU.ActiveCfg = Debug|Any CPU
		{0C1B106C-6B73-49C7-9FB9-44AC2238B00B}.Debug|Any CPU.Build.0 = Debug|Any CPU
		{0C1B106C-6B73-49C7-9FB9-44AC2238B00B}.Release|Any CPU.ActiveCfg = Release|Any CPU
		{0C1B106C-6B73-49C7-9FB9-44AC2238B00B}.Release|Any CPU.Build.0 = Release|Any CPU
		{8BF8B8CB-D116-4375-9EEC-E3A8D9F0F228}.Debug|Any CPU.ActiveCfg = Debug|Any CPU
		{8BF8B8CB-D116-4375-9EEC-E3A8D9F0F228}.Debug|Any CPU.Build.0 = Debug|Any CPU
		{8BF8B8CB-D116-4375-9EEC-E3A8D9F0F228}.Release|Any CPU.ActiveCfg = Release|Any CPU
		{8BF8B8CB-D116-4375-9EEC-E3A8D9F0F228}.Release|Any CPU.Build.0 = Release|Any CPU
		{44B4F06C-1F36-41DA-9951-B34D93EEE6CE}.Debug|Any CPU.ActiveCfg = Debug|Any CPU
		{44B4F06C-1F36-41DA-9951-B34D93EEE6CE}.Debug|Any CPU.Build.0 = Debug|Any CPU
		{44B4F06C-1F36-41DA-9951-B34D93EEE6CE}.Release|Any CPU.ActiveCfg = Release|Any CPU
		{44B4F06C-1F36-41DA-9951-B34D93EEE6CE}.Release|Any CPU.Build.0 = Release|Any CPU
		{219F4699-E60F-47C0-89AD-0DAFBB03DF3C}.Debug|Any CPU.ActiveCfg = Debug|Any CPU
		{219F4699-E60F-47C0-89AD-0DAFBB03DF3C}.Debug|Any CPU.Build.0 = Debug|Any CPU
		{219F4699-E60F-47C0-89AD-0DAFBB03DF3C}.Release|Any CPU.ActiveCfg = Release|Any CPU
		{219F4699-E60F-47C0-89AD-0DAFBB03DF3C}.Release|Any CPU.Build.0 = Release|Any CPU
		{C042DB56-6B8A-4A2E-A266-C64DC18249E1}.Debug|Any CPU.ActiveCfg = Debug|Any CPU
		{C042DB56-6B8A-4A2E-A266-C64DC18249E1}.Debug|Any CPU.Build.0 = Debug|Any CPU
		{C042DB56-6B8A-4A2E-A266-C64DC18249E1}.Release|Any CPU.ActiveCfg = Release|Any CPU
		{C042DB56-6B8A-4A2E-A266-C64DC18249E1}.Release|Any CPU.Build.0 = Release|Any CPU
		{D2BB70E6-BBB4-45E5-8498-CD3E6A070D44}.Debug|Any CPU.ActiveCfg = Debug|Any CPU
		{D2BB70E6-BBB4-45E5-8498-CD3E6A070D44}.Debug|Any CPU.Build.0 = Debug|Any CPU
		{D2BB70E6-BBB4-45E5-8498-CD3E6A070D44}.Release|Any CPU.ActiveCfg = Release|Any CPU
		{D2BB70E6-BBB4-45E5-8498-CD3E6A070D44}.Release|Any CPU.Build.0 = Release|Any CPU
		{4BCE3589-C77E-4F48-8C3E-3CB8CE874497}.Debug|Any CPU.ActiveCfg = Debug|Any CPU
		{4BCE3589-C77E-4F48-8C3E-3CB8CE874497}.Debug|Any CPU.Build.0 = Debug|Any CPU
		{4BCE3589-C77E-4F48-8C3E-3CB8CE874497}.Release|Any CPU.ActiveCfg = Release|Any CPU
		{4BCE3589-C77E-4F48-8C3E-3CB8CE874497}.Release|Any CPU.Build.0 = Release|Any CPU
		{16CB7EEA-9812-4048-B706-BC3AA0AA44A5}.Debug|Any CPU.ActiveCfg = Debug|Any CPU
		{16CB7EEA-9812-4048-B706-BC3AA0AA44A5}.Debug|Any CPU.Build.0 = Debug|Any CPU
		{16CB7EEA-9812-4048-B706-BC3AA0AA44A5}.Release|Any CPU.ActiveCfg = Release|Any CPU
		{16CB7EEA-9812-4048-B706-BC3AA0AA44A5}.Release|Any CPU.Build.0 = Release|Any CPU
		{6217BE5D-212B-4BE3-A8E8-6F1AA7D41D30}.Debug|Any CPU.ActiveCfg = Debug|Any CPU
		{6217BE5D-212B-4BE3-A8E8-6F1AA7D41D30}.Debug|Any CPU.Build.0 = Debug|Any CPU
		{6217BE5D-212B-4BE3-A8E8-6F1AA7D41D30}.Release|Any CPU.ActiveCfg = Release|Any CPU
		{6217BE5D-212B-4BE3-A8E8-6F1AA7D41D30}.Release|Any CPU.Build.0 = Release|Any CPU
	EndGlobalSection
EndGlobal
